// !$*UTF8*$!
{
	archiveVersion = 1;
	classes = {
	};
	objectVersion = 77;
	objects = {

/* Begin PBXContainerItemProxy section */
		CA64DBA72F8EA36700A5AA93 /* PBXContainerItemProxy */ = {
			isa = PBXContainerItemProxy;
			containerPortal = CA64DB912F8EA36500A5AA93 /* Project object */;
			proxyType = 1;
			remoteGlobalIDString = CA64DB982F8EA36500A5AA93;
			remoteInfo = memoraJisho;
		};
		CA64DBB12F8EA36700A5AA93 /* PBXContainerItemProxy */ = {
			isa = PBXContainerItemProxy;
			containerPortal = CA64DB912F8EA36500A5AA93 /* Project object */;
			proxyType = 1;
			remoteGlobalIDString = CA64DB982F8EA36500A5AA93;
			remoteInfo = memoraJisho;
		};
/* End PBXContainerItemProxy section */

/* Begin PBXFileReference section */
		CA64DB992F8EA36500A5AA93 /* memoraJisho.app */ = {isa = PBXFileReference; explicitFileType = wrapper.application; includeInIndex = 0; path = memoraJisho.app; sourceTree = BUILT_PRODUCTS_DIR; };
		CA64DBA62F8EA36700A5AA93 /* memoraJishoTests.xctest */ = {isa = PBXFileReference; explicitFileType = wrapper.cfbundle; includeInIndex = 0; path = memoraJishoTests.xctest; sourceTree = BUILT_PRODUCTS_DIR; };
		CA64DBB02F8EA36700A5AA93 /* memoraJishoUITests.xctest */ = {isa = PBXFileReference; explicitFileType = wrapper.cfbundle; includeInIndex = 0; path = memoraJishoUITests.xctest; sourceTree = BUILT_PRODUCTS_DIR; };
/* End PBXFileReference section */

/* Begin PBXFileSystemSynchronizedRootGroup section */
		CA64DB9B2F8EA36500A5AA93 /* memoraJisho */ = {
			isa = PBXFileSystemSynchronizedRootGroup;
			path = memoraJisho;
			sourceTree = "<group>";
		};
		CA64DBA92F8EA36700A5AA93 /* memoraJishoTests */ = {
			isa = PBXFileSystemSynchronizedRootGroup;
			path = memoraJishoTests;
			sourceTree = "<group>";
		};
		CA64DBB32F8EA36700A5AA93 /* memoraJishoUITests */ = {
			isa = PBXFileSystemSynchronizedRootGroup;
			path = memoraJishoUITests;
			sourceTree = "<group>";
		};
/* End PBXFileSystemSynchronizedRootGroup section */

/* Begin PBXFrameworksBuildPhase section */
		CA64DB962F8EA36500A5AA93 /* Frameworks */ = {
			isa = PBXFrameworksBuildPhase;
			buildActionMask = 2147483647;
			files = (
			);
			runOnlyForDeploymentPostprocessing = 0;
		};
		CA64DBA32F8EA36700A5AA93 /* Frameworks */ = {
			isa = PBXFrameworksBuildPhase;
			buildActionMask = 2147483647;
			files = (
			);
			runOnlyForDeploymentPostprocessing = 0;
		};
		CA64DBAD2F8EA36700A5AA93 /* Frameworks */ = {
			isa = PBXFrameworksBuildPhase;
			buildActionMask = 2147483647;
			files = (
			);
			runOnlyForDeploymentPostprocessing = 0;
		};
/* End PBXFrameworksBuildPhase section */

/* Begin PBXGroup section */
		CA64DB902F8EA36500A5AA93 = {
			isa = PBXGroup;
			children = (
				CA64DB9B2F8EA36500A5AA93 /* memoraJisho */,
				CA64DBA92F8EA36700A5AA93 /* memoraJishoTests */,
				CA64DBB32F8EA36700A5AA93 /* memoraJishoUITests */,
				CA64DB9A2F8EA36500A5AA93 /* Products */,
			);
			sourceTree = "<group>";
		};
		CA64DB9A2F8EA36500A5AA93 /* Products */ = {
			isa = PBXGroup;
			children = (
				CA64DB992F8EA36500A5AA93 /* memoraJisho.app */,
				CA64DBA62F8EA36700A5AA93 /* memoraJishoTests.xctest */,
				CA64DBB02F8EA36700A5AA93 /* memoraJishoUITests.xctest */,
			);
			name = Products;
			sourceTree = "<group>";
		};
/* End PBXGroup section */

/* Begin PBXNativeTarget section */
		CA64DB982F8EA36500A5AA93 /* memoraJisho */ = {
			isa = PBXNativeTarget;
			buildConfigurationList = CA64DBBA2F8EA36700A5AA93 /* Build configuration list for PBXNativeTarget "memoraJisho" */;
			buildPhases = (
				CA64DB952F8EA36500A5AA93 /* Sources */,
				CA64DB962F8EA36500A5AA93 /* Frameworks */,
				CA64DB972F8EA36500A5AA93 /* Resources */,
			);
			buildRules = (
			);
			dependencies = (
			);
			fileSystemSynchronizedGroups = (
				CA64DB9B2F8EA36500A5AA93 /* memoraJisho */,
			);
			name = memoraJisho;
			packageProductDependencies = (
			);
			productName = memoraJisho;
			productReference = CA64DB992F8EA36500A5AA93 /* memoraJisho.app */;
			productType = "com.apple.product-type.application";
		};
		CA64DBA52F8EA36700A5AA93 /* memoraJishoTests */ = {
			isa = PBXNativeTarget;
			buildConfigurationList = CA64DBBD2F8EA36700A5AA93 /* Build configuration list for PBXNativeTarget "memoraJishoTests" */;
			buildPhases = (
				CA64DBA22F8EA36700A5AA93 /* Sources */,
				CA64DBA32F8EA36700A5AA93 /* Frameworks */,
				CA64DBA42F8EA36700A5AA93 /* Resources */,
			);
			buildRules = (
			);
			dependencies = (
				CA64DBA82F8EA36700A5AA93 /* PBXTargetDependency */,
			);
			fileSystemSynchronizedGroups = (
				CA64DBA92F8EA36700A5AA93 /* memoraJishoTests */,
			);
			name = memoraJishoTests;
			packageProductDependencies = (
			);
			productName = memoraJishoTests;
			productReference = CA64DBA62F8EA36700A5AA93 /* memoraJishoTests.xctest */;
			productType = "com.apple.product-type.bundle.unit-test";
		};
		CA64DBAF2F8EA36700A5AA93 /* memoraJishoUITests */ = {
			isa = PBXNativeTarget;
			buildConfigurationList = CA64DBC02F8EA36700A5AA93 /* Build configuration list for PBXNativeTarget "memoraJishoUITests" */;
			buildPhases = (
				CA64DBAC2F8EA36700A5AA93 /* Sources */,
				CA64DBAD2F8EA36700A5AA93 /* Frameworks */,
				CA64DBAE2F8EA36700A5AA93 /* Resources */,
			);
			buildRules = (
			);
			dependencies = (
				CA64DBB22F8EA36700A5AA93 /* PBXTargetDependency */,
			);
			fileSystemSynchronizedGroups = (
				CA64DBB32F8EA36700A5AA93 /* memoraJishoUITests */,
			);
			name = memoraJishoUITests;
			packageProductDependencies = (
			);
			productName = memoraJishoUITests;
			productReference = CA64DBB02F8EA36700A5AA93 /* memoraJishoUITests.xctest */;
			productType = "com.apple.product-type.bundle.ui-testing";
		};
/* End PBXNativeTarget section */

/* Begin PBXProject section */
		CA64DB912F8EA36500A5AA93 /* Project object */ = {
			isa = PBXProject;
			attributes = {
				BuildIndependentTargetsInParallel = 1;
				LastSwiftUpdateCheck = 1640;
				LastUpgradeCheck = 1640;
				TargetAttributes = {
					CA64DB982F8EA36500A5AA93 = {
						CreatedOnToolsVersion = 16.4;
					};
					CA64DBA52F8EA36700A5AA93 = {
						CreatedOnToolsVersion = 16.4;
						TestTargetID = CA64DB982F8EA36500A5AA93;
					};
					CA64DBAF2F8EA36700A5AA93 = {
						CreatedOnToolsVersion = 16.4;
						TestTargetID = CA64DB982F8EA36500A5AA93;
					};
				};
			};
			buildConfigurationList = CA64DB942F8EA36500A5AA93 /* Build configuration list for PBXProject "memoraJisho" */;
			developmentRegion = en;
			hasScannedForEncodings = 0;
			knownRegions = (
				en,
				Base,
			);
			mainGroup = CA64DB902F8EA36500A5AA93;
			minimizedProjectReferenceProxies = 1;
			preferredProjectObjectVersion = 77;
			productRefGroup = CA64DB9A2F8EA36500A5AA93 /* Products */;
			projectDirPath = "";
			projectRoot = "";
			targets = (
				CA64DB982F8EA36500A5AA93 /* memoraJisho */,
				CA64DBA52F8EA36700A5AA93 /* memoraJishoTests */,
				CA64DBAF2F8EA36700A5AA93 /* memoraJishoUITests */,
			);
		};
/* End PBXProject section */

/* Begin PBXResourcesBuildPhase section */
		CA64DB972F8EA36500A5AA93 /* Resources */ = {
			isa = PBXResourcesBuildPhase;
			buildActionMask = 2147483647;
			files = (
			);
			runOnlyForDeploymentPostprocessing = 0;
		};
		CA64DBA42F8EA36700A5AA93 /* Resources */ = {
			isa = PBXResourcesBuildPhase;
			buildActionMask = 2147483647;
			files = (
			);
			runOnlyForDeploymentPostprocessing = 0;
		};
		CA64DBAE2F8EA36700A5AA93 /* Resources */ = {
			isa = PBXResourcesBuildPhase;
			buildActionMask = 2147483647;
			files = (
			);
			runOnlyForDeploymentPostprocessing = 0;
		};
/* End PBXResourcesBuildPhase section */

/* Begin PBXSourcesBuildPhase section */
		CA64DB952F8EA36500A5AA93 /* Sources */ = {
			isa = PBXSourcesBuildPhase;
			buildActionMask = 2147483647;
			files = (
			);
			runOnlyForDeploymentPostprocessing = 0;
		};
		CA64DBA22F8EA36700A5AA93 /* Sources */ = {
			isa = PBXSourcesBuildPhase;
			buildActionMask = 2147483647;
			files = (
			);
			runOnlyForDeploymentPostprocessing = 0;
		};
		CA64DBAC2F8EA36700A5AA93 /* Sources */ = {
			isa = PBXSourcesBuildPhase;
			buildActionMask = 2147483647;
			files = (
			);
			runOnlyForDeploymentPostprocessing = 0;
		};
/* End PBXSourcesBuildPhase section */

/* Begin PBXTargetDependency section */
		CA64DBA82F8EA36700A5AA93 /* PBXTargetDependency */ = {
			isa = PBXTargetDependency;
			target = CA64DB982F8EA36500A5AA93 /* memoraJisho */;
			targetProxy = CA64DBA72F8EA36700A5AA93 /* PBXContainerItemProxy */;
		};
		CA64DBB22F8EA36700A5AA93 /* PBXTargetDependency */ = {
			isa = PBXTargetDependency;
			target = CA64DB982F8EA36500A5AA93 /* memoraJisho */;
			targetProxy = CA64DBB12F8EA36700A5AA93 /* PBXContainerItemProxy */;
		};
/* End PBXTargetDependency section */

/* Begin XCBuildConfiguration section */
		CA64DBB82F8EA36700A5AA93 /* Debug */ = {
			isa = XCBuildConfiguration;
			buildSettings = {
				ALWAYS_SEARCH_USER_PATHS = NO;
				ASSETCATALOG_COMPILER_GENERATE_SWIFT_ASSET_SYMBOL_EXTENSIONS = YES;
				CLANG_ANALYZER_NONNULL = YES;
				CLANG_ANALYZER_NUMBER_OBJECT_CONVERSION = YES_AGGRESSIVE;
				CLANG_CXX_LANGUAGE_STANDARD = "gnu++20";
				CLANG_ENABLE_MODULES = YES;
				CLANG_ENABLE_OBJC_ARC = YES;
				CLANG_ENABLE_OBJC_WEAK = YES;
				CLANG_WARN_BLOCK_CAPTURE_AUTORELEASING = YES;
				CLANG_WARN_BOOL_CONVERSION = YES;
				CLANG_WARN_COMMA = YES;
				CLANG_WARN_CONSTANT_CONVERSION = YES;
				CLANG_WARN_DEPRECATED_OBJC_IMPLEMENTATIONS = YES;
				CLANG_WARN_DIRECT_OBJC_ISA_USAGE = YES_ERROR;
				CLANG_WARN_DOCUMENTATION_COMMENTS = YES;
				CLANG_WARN_EMPTY_BODY = YES;
				CLANG_WARN_ENUM_CONVERSION = YES;
				CLANG_WARN_INFINITE_RECURSION = YES;
				CLANG_WARN_INT_CONVERSION = YES;
				CLANG_WARN_NON_LITERAL_NULL_CONVERSION = YES;
				CLANG_WARN_OBJC_IMPLICIT_RETAIN_SELF = YES;
				CLANG_WARN_OBJC_LITERAL_CONVERSION = YES;
				CLANG_WARN_OBJC_ROOT_CLASS = YES_ERROR;
				CLANG_WARN_QUOTED_INCLUDE_IN_FRAMEWORK_HEADER = YES;
				CLANG_WARN_RANGE_LOOP_ANALYSIS = YES;
				CLANG_WARN_STRICT_PROTOTYPES = YES;
				CLANG_WARN_SUSPICIOUS_MOVE = YES;
				CLANG_WARN_UNGUARDED_AVAILABILITY = YES_AGGRESSIVE;
				CLANG_WARN_UNREACHABLE_CODE = YES;
				CLANG_WARN__DUPLICATE_METHOD_MATCH = YES;
				COPY_PHASE_STRIP = NO;
				DEBUG_INFORMATION_FORMAT = dwarf;
				DEVELOPMENT_TEAM = Q886RN6Y8S;
				ENABLE_STRICT_OBJC_MSGSEND = YES;
				ENABLE_TESTABILITY = YES;
				ENABLE_USER_SCRIPT_SANDBOXING = YES;
				GCC_C_LANGUAGE_STANDARD = gnu17;
				GCC_DYNAMIC_NO_PIC = NO;
				GCC_NO_COMMON_BLOCKS = YES;
				GCC_OPTIMIZATION_LEVEL = 0;
				GCC_PREPROCESSOR_DEFINITIONS = (
					"DEBUG=1",
					"$(inherited)",
				);
				GCC_WARN_64_TO_32_BIT_CONVERSION = YES;
				GCC_WARN_ABOUT_RETURN_TYPE = YES_ERROR;
				GCC_WARN_UNDECLARED_SELECTOR = YES;
				GCC_WARN_UNINITIALIZED_AUTOS = YES_AGGRESSIVE;
				GCC_WARN_UNUSED_FUNCTION = YES;
				GCC_WARN_UNUSED_VARIABLE = YES;
				IPHONEOS_DEPLOYMENT_TARGET = 18.5;
				LOCALIZATION_PREFERS_STRING_CATALOGS = YES;
				MTL_ENABLE_DEBUG_INFO = INCLUDE_SOURCE;
				MTL_FAST_MATH = YES;
				ONLY_ACTIVE_ARCH = YES;
				SDKROOT = iphoneos;
				SWIFT_ACTIVE_COMPILATION_CONDITIONS = "DEBUG $(inherited)";
				SWIFT_OPTIMIZATION_LEVEL = "-Onone";
			};
			name = Debug;
		};
		CA64DBB92F8EA36700A5AA93 /* Release */ = {
			isa = XCBuildConfiguration;
			buildSettings = {
				ALWAYS_SEARCH_USER_PATHS = NO;
				ASSETCATALOG_COMPILER_GENERATE_SWIFT_ASSET_SYMBOL_EXTENSIONS = YES;
				CLANG_ANALYZER_NONNULL = YES;
				CLANG_ANALYZER_NUMBER_OBJECT_CONVERSION = YES_AGGRESSIVE;
				CLANG_CXX_LANGUAGE_STANDARD = "gnu++20";
				CLANG_ENABLE_MODULES = YES;
				CLANG_ENABLE_OBJC_ARC = YES;
				CLANG_ENABLE_OBJC_WEAK = YES;
				CLANG_WARN_BLOCK_CAPTURE_AUTORELEASING = YES;
				CLANG_WARN_BOOL_CONVERSION = YES;
				CLANG_WARN_COMMA = YES;
				CLANG_WARN_CONSTANT_CONVERSION = YES;
				CLANG_WARN_DEPRECATED_OBJC_IMPLEMENTATIONS = YES;
				CLANG_WARN_DIRECT_OBJC_ISA_USAGE = YES_ERROR;
				CLANG_WARN_DOCUMENTATION_COMMENTS = YES;
				CLANG_WARN_EMPTY_BODY = YES;
				CLANG_WARN_ENUM_CONVERSION = YES;
				CLANG_WARN_INFINITE_RECURSION = YES;
				CLANG_WARN_INT_CONVERSION = YES;
				CLANG_WARN_NON_LITERAL_NULL_CONVERSION = YES;
				CLANG_WARN_OBJC_IMPLICIT_RETAIN_SELF = YES;
				CLANG_WARN_OBJC_LITERAL_CONVERSION = YES;
				CLANG_WARN_OBJC_ROOT_CLASS = YES_ERROR;
				CLANG_WARN_QUOTED_INCLUDE_IN_FRAMEWORK_HEADER = YES;
				CLANG_WARN_RANGE_LOOP_ANALYSIS = YES;
				CLANG_WARN_STRICT_PROTOTYPES = YES;
				CLANG_WARN_SUSPICIOUS_MOVE = YES;
				CLANG_WARN_UNGUARDED_AVAILABILITY = YES_AGGRESSIVE;
				CLANG_WARN_UNREACHABLE_CODE = YES;
				CLANG_WARN__DUPLICATE_METHOD_MATCH = YES;
				COPY_PHASE_STRIP = NO;
				DEBUG_INFORMATION_FORMAT = "dwarf-with-dsym";
				DEVELOPMENT_TEAM = Q886RN6Y8S;
				ENABLE_NS_ASSERTIONS = NO;
				ENABLE_STRICT_OBJC_MSGSEND = YES;
				ENABLE_USER_SCRIPT_SANDBOXING = YES;
				GCC_C_LANGUAGE_STANDARD = gnu17;
				GCC_NO_COMMON_BLOCKS = YES;
				GCC_WARN_64_TO_32_BIT_CONVERSION = YES;
				GCC_WARN_ABOUT_RETURN_TYPE = YES_ERROR;
				GCC_WARN_UNDECLARED_SELECTOR = YES;
				GCC_WARN_UNINITIALIZED_AUTOS = YES_AGGRESSIVE;
				GCC_WARN_UNUSED_FUNCTION = YES;
				GCC_WARN_UNUSED_VARIABLE = YES;
				IPHONEOS_DEPLOYMENT_TARGET = 18.5;
				LOCALIZATION_PREFERS_STRING_CATALOGS = YES;
				MTL_ENABLE_DEBUG_INFO = NO;
				MTL_FAST_MATH = YES;
				SDKROOT = iphoneos;
				SWIFT_COMPILATION_MODE = wholemodule;
				VALIDATE_PRODUCT = YES;
			};
			name = Release;
		};
		CA64DBBB2F8EA36700A5AA93 /* Debug */ = {
			isa = XCBuildConfiguration;
			buildSettings = {
				ASSETCATALOG_COMPILER_APPICON_NAME = AppIcon;
				ASSETCATALOG_COMPILER_GLOBAL_ACCENT_COLOR_NAME = AccentColor;
				CODE_SIGN_STYLE = Automatic;
				CURRENT_PROJECT_VERSION = 1;
				DEVELOPMENT_TEAM = Q886RN6Y8S;
				ENABLE_PREVIEWS = YES;
				GENERATE_INFOPLIST_FILE = YES;
				INFOPLIST_KEY_UIApplicationSceneManifest_Generation = YES;
				INFOPLIST_KEY_UIApplicationSupportsIndirectInputEvents = YES;
				INFOPLIST_KEY_UILaunchScreen_Generation = YES;
				INFOPLIST_KEY_UISupportedInterfaceOrientations_iPad = "UIInterfaceOrientationPortrait UIInterfaceOrientationPortraitUpsideDown UIInterfaceOrientationLandscapeLeft UIInterfaceOrientationLandscapeRight";
				INFOPLIST_KEY_UISupportedInterfaceOrientations_iPhone = "UIInterfaceOrientationPortrait UIInterfaceOrientationLandscapeLeft UIInterfaceOrientationLandscapeRight";
				LD_RUNPATH_SEARCH_PATHS = (
					"$(inherited)",
					"@executable_path/Frameworks",
				);
				MARKETING_VERSION = 1.0;
				PRODUCT_BUNDLE_IDENTIFIER = bt.memoraJisho;
				PRODUCT_NAME = "$(TARGET_NAME)";
				SWIFT_EMIT_LOC_STRINGS = YES;
				SWIFT_VERSION = 5.0;
				TARGETED_DEVICE_FAMILY = "1,2";
			};
			name = Debug;
		};
		CA64DBBC2F8EA36700A5AA93 /* Release */ = {
			isa = XCBuildConfiguration;
			buildSettings = {
				ASSETCATALOG_COMPILER_APPICON_NAME = AppIcon;
				ASSETCATALOG_COMPILER_GLOBAL_ACCENT_COLOR_NAME = AccentColor;
				CODE_SIGN_STYLE = Automatic;
				CURRENT_PROJECT_VERSION = 1;
				DEVELOPMENT_TEAM = Q886RN6Y8S;
				ENABLE_PREVIEWS = YES;
				GENERATE_INFOPLIST_FILE = YES;
				INFOPLIST_KEY_UIApplicationSceneManifest_Generation = YES;
				INFOPLIST_KEY_UIApplicationSupportsIndirectInputEvents = YES;
				INFOPLIST_KEY_UILaunchScreen_Generation = YES;
				INFOPLIST_KEY_UISupportedInterfaceOrientations_iPad = "UIInterfaceOrientationPortrait UIInterfaceOrientationPortraitUpsideDown UIInterfaceOrientationLandscapeLeft UIInterfaceOrientationLandscapeRight";
				INFOPLIST_KEY_UISupportedInterfaceOrientations_iPhone = "UIInterfaceOrientationPortrait UIInterfaceOrientationLandscapeLeft UIInterfaceOrientationLandscapeRight";
				LD_RUNPATH_SEARCH_PATHS = (
					"$(inherited)",
					"@executable_path/Frameworks",
				);
				MARKETING_VERSION = 1.0;
				PRODUCT_BUNDLE_IDENTIFIER = bt.memoraJisho;
				PRODUCT_NAME = "$(TARGET_NAME)";
				SWIFT_EMIT_LOC_STRINGS = YES;
				SWIFT_VERSION = 5.0;
				TARGETED_DEVICE_FAMILY = "1,2";
			};
			name = Release;
		};
		CA64DBBE2F8EA36700A5AA93 /* Debug */ = {
			isa = XCBuildConfiguration;
			buildSettings = {
				BUNDLE_LOADER = "$(TEST_HOST)";
				CODE_SIGN_STYLE = Automatic;
				CURRENT_PROJECT_VERSION = 1;
				DEVELOPMENT_TEAM = Q886RN6Y8S;
				GENERATE_INFOPLIST_FILE = YES;
				IPHONEOS_DEPLOYMENT_TARGET = 18.5;
				MARKETING_VERSION = 1.0;
				PRODUCT_BUNDLE_IDENTIFIER = bt.memoraJishoTests;
				PRODUCT_NAME = "$(TARGET_NAME)";
				SWIFT_EMIT_LOC_STRINGS = NO;
				SWIFT_VERSION = 5.0;
				TARGETED_DEVICE_FAMILY = "1,2";
				TEST_HOST = "$(BUILT_PRODUCTS_DIR)/memoraJisho.app/$(BUNDLE_EXECUTABLE_FOLDER_PATH)/memoraJisho";
			};
			name = Debug;
		};
		CA64DBBF2F8EA36700A5AA93 /* Release */ = {
			isa = XCBuildConfiguration;
			buildSettings = {
				BUNDLE_LOADER = "$(TEST_HOST)";
				CODE_SIGN_STYLE = Automatic;
				CURRENT_PROJECT_VERSION = 1;
				DEVELOPMENT_TEAM = Q886RN6Y8S;
				GENERATE_INFOPLIST_FILE = YES;
				IPHONEOS_DEPLOYMENT_TARGET = 18.5;
				MARKETING_VERSION = 1.0;
				PRODUCT_BUNDLE_IDENTIFIER = bt.memoraJishoTests;
				PRODUCT_NAME = "$(TARGET_NAME)";
				SWIFT_EMIT_LOC_STRINGS = NO;
				SWIFT_VERSION = 5.0;
				TARGETED_DEVICE_FAMILY = "1,2";
				TEST_HOST = "$(BUILT_PRODUCTS_DIR)/memoraJisho.app/$(BUNDLE_EXECUTABLE_FOLDER_PATH)/memoraJisho";
			};
			name = Release;
		};
		CA64DBC12F8EA36700A5AA93 /* Debug */ = {
			isa = XCBuildConfiguration;
			buildSettings = {
				CODE_SIGN_STYLE = Automatic;
				CURRENT_PROJECT_VERSION = 1;
				DEVELOPMENT_TEAM = Q886RN6Y8S;
				GENERATE_INFOPLIST_FILE = YES;
				MARKETING_VERSION = 1.0;
				PRODUCT_BUNDLE_IDENTIFIER = bt.memoraJishoUITests;
				PRODUCT_NAME = "$(TARGET_NAME)";
				SWIFT_EMIT_LOC_STRINGS = NO;
				SWIFT_VERSION = 5.0;
				TARGETED_DEVICE_FAMILY = "1,2";
				TEST_TARGET_NAME = memoraJisho;
			};
			name = Debug;
		};
		CA64DBC22F8EA36700A5AA93 /* Release */ = {
			isa = XCBuildConfiguration;
			buildSettings = {
				CODE_SIGN_STYLE = Automatic;
				CURRENT_PROJECT_VERSION = 1;
				DEVELOPMENT_TEAM = Q886RN6Y8S;
				GENERATE_INFOPLIST_FILE = YES;
				MARKETING_VERSION = 1.0;
				PRODUCT_BUNDLE_IDENTIFIER = bt.memoraJishoUITests;
				PRODUCT_NAME = "$(TARGET_NAME)";
				SWIFT_EMIT_LOC_STRINGS = NO;
				SWIFT_VERSION = 5.0;
				TARGETED_DEVICE_FAMILY = "1,2";
				TEST_TARGET_NAME = memoraJisho;
			};
			name = Release;
		};
/* End XCBuildConfiguration section */

/* Begin XCConfigurationList section */
		CA64DB942F8EA36500A5AA93 /* Build configuration list for PBXProject "memoraJisho" */ = {
			isa = XCConfigurationList;
			buildConfigurations = (
				CA64DBB82F8EA36700A5AA93 /* Debug */,
				CA64DBB92F8EA36700A5AA93 /* Release */,
			);
			defaultConfigurationIsVisible = 0;
			defaultConfigurationName = Release;
		};
		CA64DBBA2F8EA36700A5AA93 /* Build configuration list for PBXNativeTarget "memoraJisho" */ = {
			isa = XCConfigurationList;
			buildConfigurations = (
				CA64DBBB2F8EA36700A5AA93 /* Debug */,
				CA64DBBC2F8EA36700A5AA93 /* Release */,
			);
			defaultConfigurationIsVisible = 0;
			defaultConfigurationName = Release;
		};
		CA64DBBD2F8EA36700A5AA93 /* Build configuration list for PBXNativeTarget "memoraJishoTests" */ = {
			isa = XCConfigurationList;
			buildConfigurations = (
				CA64DBBE2F8EA36700A5AA93 /* Debug */,
				CA64DBBF2F8EA36700A5AA93 /* Release */,
			);
			defaultConfigurationIsVisible = 0;
			defaultConfigurationName = Release;
		};
		CA64DBC02F8EA36700A5AA93 /* Build configuration list for PBXNativeTarget "memoraJishoUITests" */ = {
			isa = XCConfigurationList;
			buildConfigurations = (
				CA64DBC12F8EA36700A5AA93 /* Debug */,
				CA64DBC22F8EA36700A5AA93 /* Release */,
			);
			defaultConfigurationIsVisible = 0;
			defaultConfigurationName = Release;
		};
/* End XCConfigurationList section */
	};
	rootObject = CA64DB912F8EA36500A5AA93 /* Project object */;
}
